{"1.1.0",
[{<<"cowlib">>,{pkg,<<"cowlib">>,<<"2.3.0">>},0},
 {<<"erlang_subgraph_compile">>,
  {git,"https://github.com/ferd/erl_subgraph_compile.git",
       {ref,"344c40e856ab88ececfde262f6fd67cdc354e6cf"}},
  0},
 {<<"jsx">>,{pkg,<<"jsx">>,<<"2.9.0">>},0},
 {<<"redbug">>,{pkg,<<"redbug">>,<<"2.0.2">>},0}]}.
[
{pkg_hash,[
 {<<"cowlib">>, <<"BBD58EF537904E4F7C1DD62E6AA8BC831C8183CE4EFA9BD1150164FE15BE4CAA">>},
 {<<"jsx">>, <<"D2F6E5F069C00266CAD52FB15D87C428579EA4D7D73A33669E12679E203329DD">>},
 {<<"redbug">>, <<"10CB89FF2619374FC11F11DE4283BE390B881773864098C67148741659137B01">>}]}
].
